Microsoft Visual Studio Solution File, Format Version 12.00
# Visual Studio 2012
Project("{FAE04EC0-301F-11D3-BF4B-00C04F79EFBC}") = "Transport-me", "Transport-me.csproj", "{12EBF920-971D-4839-B1C5-290B25FA751E}"
EndProject
Global
	GlobalSection(SolutionConfigurationPlatforms) = preSolution
	Debug|Any CPU = Debug|Any CPU
	ExportDebug|Any CPU = ExportDebug|Any CPU
	ExportRelease|Any CPU = ExportRelease|Any CPU
	EndGlobalSection
	GlobalSection(ProjectConfigurationPlatforms) = postSolution
		{12EBF920-971D-4839-B1C5-290B25FA751E}.Debug|Any CPU.ActiveCfg = Debug|Any CPU
		{12EBF920-971D-4839-B1C5-290B25FA751E}.Debug|Any CPU.Build.0 = Debug|Any CPU
		{12EBF920-971D-4839-B1C5-290B25FA751E}.ExportDebug|Any CPU.ActiveCfg = ExportDebug|Any CPU
		{12EBF920-971D-4839-B1C5-290B25FA751E}.ExportDebug|Any CPU.Build.0 = ExportDebug|Any CPU
		{12EBF920-971D-4839-B1C5-290B25FA751E}.ExportRelease|Any CPU.ActiveCfg = ExportRelease|Any CPU
		{12EBF920-971D-4839-B1C5-290B25FA751E}.ExportRelease|Any CPU.Build.0 = ExportRelease|Any CPU
	EndGlobalSection
EndGlobal
